
Microsoft Visual Studio Solution File, Format Version 12.00
# Visual Studio Version 16
VisualStudioVersion = 16.0.31105.61
MinimumVisualStudioVersion = 10.0.40219.1
Project("{FAE04EC0-301F-11D3-BF4B-00C04F79EFBC}") = "ConsoleApp2", "ConsoleApp2\ConsoleApp2.csproj", "{4F21F2B4-05F9-49E4-A1EE-B8E4A1164429}"
EndProject
Global
	GlobalSection(SolutionConfigurationPlatforms) = preSolution
		Debug|Any CPU = Debug|Any CPU
		Release|Any CPU = Release|Any CPU
	EndGlobalSection
	GlobalSection(ProjectConfigurationPlatforms) = postSolution
		{4F21F2B4-05F9-49E4-A1EE-B8E4A1164429}.Debug|Any CPU.ActiveCfg = Debug|Any CPU
		{4F21F2B4-05F9-49E4-A1EE-B8E4A1164429}.Debug|Any CPU.Build.0 = Debug|Any CPU
		{4F21F2B4-05F9-49E4-A1EE-B8E4A1164429}.Release|Any CPU.ActiveCfg = Release|Any CPU
		{4F21F2B4-05F9-49E4-A1EE-B8E4A1164429}.Release|Any CPU.Build.0 = Release|Any CPU
	EndGlobalSection
	GlobalSection(SolutionProperties) = preSolution
		HideSolutionNode = FALSE
	EndGlobalSection
	GlobalSection(ExtensibilityGlobals) = postSolution
		SolutionGuid = {FD6417E9-60F1-48BA-841B-6DF56B0DC130}
	EndGlobalSection
EndGlobal
